
Microsoft Visual Studio Solution File, Format Version 12.00
# Visual Studio 2012
Project("{8BC9CEB8-8B4A-11D0-8D11-00A0C91BC942}") = "strutil", "strutil\strutil.vcxproj", "{ABE9A9DB-5BA2-4C99-99F0-CF120EA3CF44}"
EndProject
Project("{8BC9CEB8-8B4A-11D0-8D11-00A0C91BC942}") = "winsane", "winsane\winsane.vcxproj", "{B210E114-BF47-442F-8A8E-6719B6359EB8}"
EndProject
Project("{8BC9CEB8-8B4A-11D0-8D11-00A0C91BC942}") = "wiasane", "wiasane\wiasane.vcxproj", "{6F8F9679-52F6-4B8E-9EDF-67DE89EC3CFA}"
	ProjectSection(ProjectDependencies) = postProject
		{B210E114-BF47-442F-8A8E-6719B6359EB8} = {B210E114-BF47-442F-8A8E-6719B6359EB8}
	EndProjectSection
EndProject
Project("{8BC9CEB8-8B4A-11D0-8D11-00A0C91BC942}") = "coisane", "coisane\coisane.vcxproj", "{CB743D7C-09B3-41AF-9067-807F2CED7AD8}"
	ProjectSection(ProjectDependencies) = postProject
		{ABE9A9DB-5BA2-4C99-99F0-CF120EA3CF44} = {ABE9A9DB-5BA2-4C99-99F0-CF120EA3CF44}
	EndProjectSection
	ProjectSection(ProjectDependencies) = postProject
		{B210E114-BF47-442F-8A8E-6719B6359EB8} = {B210E114-BF47-442F-8A8E-6719B6359EB8}
	EndProjectSection
EndProject
Project("{8BC9CEB8-8B4A-11D0-8D11-00A0C91BC942}") = "wiasane-pkg", "wiasane-pkg\wiasane-pkg.vcxproj", "{BAADCDB5-1564-4046-B387-791E1538B840}"
	ProjectSection(ProjectDependencies) = postProject
		{B210E114-BF47-442F-8A8E-6719B6359EB8} = {B210E114-BF47-442F-8A8E-6719B6359EB8}
		{6F8F9679-52F6-4B8E-9EDF-67DE89EC3CFA} = {6F8F9679-52F6-4B8E-9EDF-67DE89EC3CFA}
		{CB743D7C-09B3-41AF-9067-807F2CED7AD8} = {CB743D7C-09B3-41AF-9067-807F2CED7AD8}
	EndProjectSection
EndProject
Project("{8BC9CEB8-8B4A-11D0-8D11-00A0C91BC942}") = "winsane-dbg", "winsane-dbg\winsane-dbg.vcxproj", "{59A26F4A-BCF6-4EA0-85A4-20DE17C36BBB}"
	ProjectSection(ProjectDependencies) = postProject
		{B210E114-BF47-442F-8A8E-6719B6359EB8} = {B210E114-BF47-442F-8A8E-6719B6359EB8}
	EndProjectSection
EndProject
Global
	GlobalSection(SolutionConfigurationPlatforms) = preSolution
		Debug|Win32 = Debug|Win32
		Debug|x64 = Debug|x64
		Release|Win32 = Release|Win32
		Release|x64 = Release|x64
	EndGlobalSection
	GlobalSection(ProjectConfigurationPlatforms) = postSolution
		{ABE9A9DB-5BA2-4C99-99F0-CF120EA3CF44}.Debug|Win32.ActiveCfg = Debug|Win32
		{ABE9A9DB-5BA2-4C99-99F0-CF120EA3CF44}.Debug|Win32.Build.0 = Debug|Win32
		{ABE9A9DB-5BA2-4C99-99F0-CF120EA3CF44}.Debug|Win32.Deploy.0 = Debug|Win32
		{ABE9A9DB-5BA2-4C99-99F0-CF120EA3CF44}.Debug|x64.ActiveCfg = Debug|x64
		{ABE9A9DB-5BA2-4C99-99F0-CF120EA3CF44}.Debug|x64.Build.0 = Debug|x64
		{ABE9A9DB-5BA2-4C99-99F0-CF120EA3CF44}.Debug|x64.Deploy.0 = Debug|x64
		{ABE9A9DB-5BA2-4C99-99F0-CF120EA3CF44}.Release|Win32.ActiveCfg = Release|Win32
		{ABE9A9DB-5BA2-4C99-99F0-CF120EA3CF44}.Release|Win32.Build.0 = Release|Win32
		{ABE9A9DB-5BA2-4C99-99F0-CF120EA3CF44}.Release|Win32.Deploy.0 = Release|Win32
		{ABE9A9DB-5BA2-4C99-99F0-CF120EA3CF44}.Release|x64.ActiveCfg = Release|x64
		{ABE9A9DB-5BA2-4C99-99F0-CF120EA3CF44}.Release|x64.Build.0 = Release|x64
		{ABE9A9DB-5BA2-4C99-99F0-CF120EA3CF44}.Release|x64.Deploy.0 = Release|x64
		{B210E114-BF47-442F-8A8E-6719B6359EB8}.Debug|Win32.ActiveCfg = Debug|Win32
		{B210E114-BF47-442F-8A8E-6719B6359EB8}.Debug|Win32.Build.0 = Debug|Win32
		{B210E114-BF47-442F-8A8E-6719B6359EB8}.Debug|Win32.Deploy.0 = Debug|Win32
		{B210E114-BF47-442F-8A8E-6719B6359EB8}.Debug|x64.ActiveCfg = Debug|x64
		{B210E114-BF47-442F-8A8E-6719B6359EB8}.Debug|x64.Build.0 = Debug|x64
		{B210E114-BF47-442F-8A8E-6719B6359EB8}.Release|Win32.ActiveCfg = Release|Win32
		{B210E114-BF47-442F-8A8E-6719B6359EB8}.Release|Win32.Build.0 = Release|Win32
		{B210E114-BF47-442F-8A8E-6719B6359EB8}.Release|Win32.Deploy.0 = Release|Win32
		{B210E114-BF47-442F-8A8E-6719B6359EB8}.Release|x64.ActiveCfg = Release|x64
		{B210E114-BF47-442F-8A8E-6719B6359EB8}.Release|x64.Build.0 = Release|x64
		{6F8F9679-52F6-4B8E-9EDF-67DE89EC3CFA}.Debug|Win32.ActiveCfg = Debug|Win32
		{6F8F9679-52F6-4B8E-9EDF-67DE89EC3CFA}.Debug|Win32.Build.0 = Debug|Win32
		{6F8F9679-52F6-4B8E-9EDF-67DE89EC3CFA}.Debug|x64.ActiveCfg = Debug|x64
		{6F8F9679-52F6-4B8E-9EDF-67DE89EC3CFA}.Debug|x64.Build.0 = Debug|x64
		{6F8F9679-52F6-4B8E-9EDF-67DE89EC3CFA}.Release|Win32.ActiveCfg = Release|Win32
		{6F8F9679-52F6-4B8E-9EDF-67DE89EC3CFA}.Release|Win32.Build.0 = Release|Win32
		{6F8F9679-52F6-4B8E-9EDF-67DE89EC3CFA}.Release|x64.ActiveCfg = Release|x64
		{6F8F9679-52F6-4B8E-9EDF-67DE89EC3CFA}.Release|x64.Build.0 = Release|x64
		{59A26F4A-BCF6-4EA0-85A4-20DE17C36BBB}.Debug|Win32.ActiveCfg = Debug|Win32
		{59A26F4A-BCF6-4EA0-85A4-20DE17C36BBB}.Debug|Win32.Build.0 = Debug|Win32
		{59A26F4A-BCF6-4EA0-85A4-20DE17C36BBB}.Debug|Win32.Deploy.0 = Debug|Win32
		{59A26F4A-BCF6-4EA0-85A4-20DE17C36BBB}.Debug|x64.ActiveCfg = Debug|x64
		{59A26F4A-BCF6-4EA0-85A4-20DE17C36BBB}.Debug|x64.Build.0 = Debug|x64
		{59A26F4A-BCF6-4EA0-85A4-20DE17C36BBB}.Release|Win32.ActiveCfg = Release|Win32
		{59A26F4A-BCF6-4EA0-85A4-20DE17C36BBB}.Release|Win32.Build.0 = Release|Win32
		{59A26F4A-BCF6-4EA0-85A4-20DE17C36BBB}.Release|Win32.Deploy.0 = Release|Win32
		{59A26F4A-BCF6-4EA0-85A4-20DE17C36BBB}.Release|x64.ActiveCfg = Release|x64
		{59A26F4A-BCF6-4EA0-85A4-20DE17C36BBB}.Release|x64.Build.0 = Release|x64
		{BAADCDB5-1564-4046-B387-791E1538B840}.Debug|Win32.ActiveCfg = Debug|Win32
		{BAADCDB5-1564-4046-B387-791E1538B840}.Debug|Win32.Build.0 = Debug|Win32
		{BAADCDB5-1564-4046-B387-791E1538B840}.Debug|Win32.Deploy.0 = Debug|Win32
		{BAADCDB5-1564-4046-B387-791E1538B840}.Debug|x64.ActiveCfg = Debug|x64
		{BAADCDB5-1564-4046-B387-791E1538B840}.Debug|x64.Build.0 = Debug|x64
		{BAADCDB5-1564-4046-B387-791E1538B840}.Debug|x64.Deploy.0 = Debug|x64
		{BAADCDB5-1564-4046-B387-791E1538B840}.Release|Win32.ActiveCfg = Release|Win32
		{BAADCDB5-1564-4046-B387-791E1538B840}.Release|Win32.Build.0 = Release|Win32
		{BAADCDB5-1564-4046-B387-791E1538B840}.Release|Win32.Deploy.0 = Release|Win32
		{BAADCDB5-1564-4046-B387-791E1538B840}.Release|x64.ActiveCfg = Release|x64
		{BAADCDB5-1564-4046-B387-791E1538B840}.Release|x64.Build.0 = Release|x64
		{BAADCDB5-1564-4046-B387-791E1538B840}.Release|x64.Deploy.0 = Release|x64
		{CB743D7C-09B3-41AF-9067-807F2CED7AD8}.Debug|Win32.ActiveCfg = Debug|Win32
		{CB743D7C-09B3-41AF-9067-807F2CED7AD8}.Debug|Win32.Build.0 = Debug|Win32
		{CB743D7C-09B3-41AF-9067-807F2CED7AD8}.Debug|x64.ActiveCfg = Debug|x64
		{CB743D7C-09B3-41AF-9067-807F2CED7AD8}.Debug|x64.Build.0 = Debug|x64
		{CB743D7C-09B3-41AF-9067-807F2CED7AD8}.Release|Win32.ActiveCfg = Release|Win32
		{CB743D7C-09B3-41AF-9067-807F2CED7AD8}.Release|Win32.Build.0 = Release|Win32
		{CB743D7C-09B3-41AF-9067-807F2CED7AD8}.Release|x64.ActiveCfg = Release|x64
		{CB743D7C-09B3-41AF-9067-807F2CED7AD8}.Release|x64.Build.0 = Release|x64
	EndGlobalSection
	GlobalSection(SolutionProperties) = preSolution
		HideSolutionNode = FALSE
	EndGlobalSection
EndGlobal
