<?xml version="1.0" encoding="utf-8"?>
<Project ToolsVersion="4.0" xmlns="http://schemas.microsoft.com/developer/msbuild/2003">
  <ItemGroup>
    <Filter Include="Source Files">
      <Extensions>cpp;c;cc;cxx;def;odl;idl;hpj;bat;asm;asmx;*</Extensions>
      <UniqueIdentifier>{0FE052F4-E335-4EC0-BAD0-C9F81283A090}</UniqueIdentifier>
    </Filter>
    <Filter Include="Header Files">
      <Extensions>h;hpp;hxx;hm;inl;inc;xsd</Extensions>
      <UniqueIdentifier>{E875F04F-3CE3-411C-8A7C-FE75FE8DC89F}</UniqueIdentifier>
    </Filter>
    <Filter Include="Resource Files">
      <Extensions>rc;ico;cur;bmp;dlg;rc2;rct;bin;rgs;gif;jpg;jpeg;jpe;resx;tiff;tif;png;wav;mfcribbon-ms;man;xml</Extensions>
      <UniqueIdentifier>{1E9233FE-DB51-4FEE-9C55-7F8E5AF538C4}</UniqueIdentifier>
    </Filter>
  </ItemGroup>
  <ItemGroup>
    <ClCompile Include="dllmain.cpp">
      <Filter>Source Files</Filter>
    </ClCompile>
    <ClCompile Include="coisane.cpp">
      <Filter>Source Files</Filter>
    </ClCompile>
    <ClCompile Include="coisane_str.cpp">
      <Filter>Source Files</Filter>
    </ClCompile>
    <ClCompile Include="coisane_util.cpp">
      <Filter>Source Files</Filter>
    </ClCompile>
    <ClCompile Include="coisane_prop.cpp">
      <Filter>Source Files</Filter>
    </ClCompile>
    <ClCompile Include="coisane_wizard.cpp">
      <Filter>Source Files</Filter>
    </ClCompile>
  </ItemGroup>
  <ItemGroup>
    <ClInclude Include="resource.h">
      <Filter>Header Files</Filter>
    </ClInclude>
    <ClInclude Include="dllmain.h">
      <Filter>Header Files</Filter>
    </ClInclude>
    <ClInclude Include="coisane.h">
      <Filter>Header Files</Filter>
    </ClInclude>
    <ClInclude Include="coisane_str.h">
      <Filter>Header Files</Filter>
    </ClInclude>
    <ClInclude Include="coisane_util.h">
      <Filter>Header Files</Filter>
    </ClInclude>
    <ClInclude Include="coisane_prop.h">
      <Filter>Header Files</Filter>
    </ClInclude>
    <ClInclude Include="coisane_wizard.h">
      <Filter>Header Files</Filter>
    </ClInclude>
  </ItemGroup>
  <ItemGroup>
    <ResourceCompile Include="coisane.rc">
      <Filter>Resource Files</Filter>
    </ResourceCompile>
  </ItemGroup>
  <ItemGroup>
    <None Include="coisane.def">
      <Filter>Resource Files</Filter>
    </None>
  </ItemGroup>
</Project>